// !$*UTF8*$!
{
	archiveVersion = 1;
	classes = {
	};
	objectVersion = 52;
	objects = {

/* Begin PBXBuildFile section */
		A3056DE726831CC7001AF64A /* PostingView.swift in Sources */ = {isa = PBXBuildFile; fileRef = A3056DE626831CC7001AF64A /* PostingView.swift */; };
		A3056DEB26831D55001AF64A /* SoldView.swift in Sources */ = {isa = PBXBuildFile; fileRef = A3056DEA26831D55001AF64A /* SoldView.swift */; };
		A3056DED26832B0D001AF64A /* TabBarStock.swift in Sources */ = {isa = PBXBuildFile; fileRef = A3056DEC26832B0D001AF64A /* TabBarStock.swift */; };
		A308FAD4268382A400062FB7 /* CardInStock.swift in Sources */ = {isa = PBXBuildFile; fileRef = A308FAD3268382A400062FB7 /* CardInStock.swift */; };
		A30D02F62688630700C4DFFB /* ImagePicker.swift in Sources */ = {isa = PBXBuildFile; fileRef = A30D02F52688630700C4DFFB /* ImagePicker.swift */; };
		A32770232682447100A926C7 /* StockView.swift in Sources */ = {isa = PBXBuildFile; fileRef = A32770222682447100A926C7 /* StockView.swift */; };
		A32A3E72267FA1DB005CDFC9 /* InStockView.swift in Sources */ = {isa = PBXBuildFile; fileRef = A32A3E71267FA1DB005CDFC9 /* InStockView.swift */; };
		A32A3E74267FA928005CDFC9 /* DetailInStockView.swift in Sources */ = {isa = PBXBuildFile; fileRef = A32A3E73267FA928005CDFC9 /* DetailInStockView.swift */; };
		A3465ABE267335E900FE3077 /* SignInView.swift in Sources */ = {isa = PBXBuildFile; fileRef = A3465ABD267335E900FE3077 /* SignInView.swift */; };
		A3465AC026734BD200FE3077 /* SignUpView.swift in Sources */ = {isa = PBXBuildFile; fileRef = A3465ABF26734BD200FE3077 /* SignUpView.swift */; };
		A3465AC326734C3200FE3077 /* InputField.swift in Sources */ = {isa = PBXBuildFile; fileRef = A3465AC226734C3200FE3077 /* InputField.swift */; };
		A3465AC526734C6F00FE3077 /* InputSecureField.swift in Sources */ = {isa = PBXBuildFile; fileRef = A3465AC426734C6F00FE3077 /* InputSecureField.swift */; };
		A3465AC726734CEE00FE3077 /* RoundedBotton.swift in Sources */ = {isa = PBXBuildFile; fileRef = A3465AC626734CEE00FE3077 /* RoundedBotton.swift */; };
		A3465ACB267355E400FE3077 /* ForgotPasswordView.swift in Sources */ = {isa = PBXBuildFile; fileRef = A3465ACA267355E400FE3077 /* ForgotPasswordView.swift */; };
		A34959A626799ECF0070E795 /* ListWeightView.swift in Sources */ = {isa = PBXBuildFile; fileRef = A34959A526799ECF0070E795 /* ListWeightView.swift */; };
		A34959A82679D9340070E795 /* UpdateWeightView.swift in Sources */ = {isa = PBXBuildFile; fileRef = A34959A72679D9340070E795 /* UpdateWeightView.swift */; };
		A358AFD526788C37005F569E /* ChoseProductView.swift in Sources */ = {isa = PBXBuildFile; fileRef = A358AFD426788C37005F569E /* ChoseProductView.swift */; };
		A360087F2688C43300FEB62B /* FirebaseAuth in Frameworks */ = {isa = PBXBuildFile; productRef = A360087E2688C43300FEB62B /* FirebaseAuth */; };
		A36008812688C43300FEB62B /* FirebaseFirestore in Frameworks */ = {isa = PBXBuildFile; productRef = A36008802688C43300FEB62B /* FirebaseFirestore */; };
		A36008832688C43300FEB62B /* FirebaseStorage in Frameworks */ = {isa = PBXBuildFile; productRef = A36008822688C43300FEB62B /* FirebaseStorage */; };
		A36149C726711BA4001BE31D /* HomeView.swift in Sources */ = {isa = PBXBuildFile; fileRef = A36149C626711BA4001BE31D /* HomeView.swift */; };
		A36149CA26711D1E001BE31D /* OnboardingView.swift in Sources */ = {isa = PBXBuildFile; fileRef = A36149C926711D1E001BE31D /* OnboardingView.swift */; };
		A365359D2689C65300DDE3C8 /* UserView.swift in Sources */ = {isa = PBXBuildFile; fileRef = A365359C2689C65300DDE3C8 /* UserView.swift */; };
		A3699B88267500C8006DEE22 /* CardView.swift in Sources */ = {isa = PBXBuildFile; fileRef = A3699B87267500C8006DEE22 /* CardView.swift */; };
		A36AE76B268B6E0000EA5431 /* UserViewModel.swift in Sources */ = {isa = PBXBuildFile; fileRef = A36AE76A268B6E0000EA5431 /* UserViewModel.swift */; };
		A37868B9268789520082184A /* GoogleService-Info.plist in Resources */ = {isa = PBXBuildFile; fileRef = A37868B8268789520082184A /* GoogleService-Info.plist */; };
		A38070882673B3BA00CD24A6 /* CustomTabBarView.swift in Sources */ = {isa = PBXBuildFile; fileRef = A38070872673B3BA00CD24A6 /* CustomTabBarView.swift */; };
		A389BF502684C8D000ACA2C5 /* ListNotificationView.swift in Sources */ = {isa = PBXBuildFile; fileRef = A389BF4F2684C8D000ACA2C5 /* ListNotificationView.swift */; };
		A389BF522684CC2800ACA2C5 /* NotificationView.swift in Sources */ = {isa = PBXBuildFile; fileRef = A389BF512684CC2800ACA2C5 /* NotificationView.swift */; };
		A389BF542684D4FD00ACA2C5 /* DetailNotificationView.swift in Sources */ = {isa = PBXBuildFile; fileRef = A389BF532684D4FD00ACA2C5 /* DetailNotificationView.swift */; };
		A389BF562684EDB600ACA2C5 /* PostView.swift in Sources */ = {isa = PBXBuildFile; fileRef = A389BF552684EDB600ACA2C5 /* PostView.swift */; };
		A397D9EE2680EDF20008BA6B /* ScrollTableTabBar.swift in Sources */ = {isa = PBXBuildFile; fileRef = A397D9ED2680EDF20008BA6B /* ScrollTableTabBar.swift */; };
		A39AF4C42671187A00778D05 /* HarvestAppApp.swift in Sources */ = {isa = PBXBuildFile; fileRef = A39AF4C32671187A00778D05 /* HarvestAppApp.swift */; };
		A39AF4C62671187A00778D05 /* ContentView.swift in Sources */ = {isa = PBXBuildFile; fileRef = A39AF4C52671187A00778D05 /* ContentView.swift */; };
		A39AF4C82671187B00778D05 /* Assets.xcassets in Resources */ = {isa = PBXBuildFile; fileRef = A39AF4C72671187B00778D05 /* Assets.xcassets */; };
		A39AF4CB2671187B00778D05 /* Preview Assets.xcassets in Resources */ = {isa = PBXBuildFile; fileRef = A39AF4CA2671187B00778D05 /* Preview Assets.xcassets */; };
		A39AF4D62671187C00778D05 /* HarvestAppTests.swift in Sources */ = {isa = PBXBuildFile; fileRef = A39AF4D52671187C00778D05 /* HarvestAppTests.swift */; };
		A39AF4E12671187C00778D05 /* HarvestAppUITests.swift in Sources */ = {isa = PBXBuildFile; fileRef = A39AF4E02671187C00778D05 /* HarvestAppUITests.swift */; };
		A3A2CCD1268E30D30082C0B0 /* SDWebImageSwiftUI in Frameworks */ = {isa = PBXBuildFile; productRef = A3A2CCD0268E30D30082C0B0 /* SDWebImageSwiftUI */; };
		A3B562A2268461610030F0DF /* MarketView.swift in Sources */ = {isa = PBXBuildFile; fileRef = A3B562A1268461610030F0DF /* MarketView.swift */; };
		A3B562A5268463340030F0DF /* PostCard.swift in Sources */ = {isa = PBXBuildFile; fileRef = A3B562A4268463340030F0DF /* PostCard.swift */; };
		A3B562A72684775D0030F0DF /* DetailPostVIew.swift in Sources */ = {isa = PBXBuildFile; fileRef = A3B562A62684775D0030F0DF /* DetailPostVIew.swift */; };
		A3B6EA9A2688E1C300FCBF88 /* UserModel.swift in Sources */ = {isa = PBXBuildFile; fileRef = A3B6EA992688E1C300FCBF88 /* UserModel.swift */; };
		A3C18BF52675E44E0065F10A /* ProductDetailView.swift in Sources */ = {isa = PBXBuildFile; fileRef = A3C18BF42675E44E0065F10A /* ProductDetailView.swift */; };
		A3C18BF92675EDD90065F10A /* RoundedTop.swift in Sources */ = {isa = PBXBuildFile; fileRef = A3C18BF82675EDD90065F10A /* RoundedTop.swift */; };
		A3C18BFC2675F6D10065F10A /* Column.swift in Sources */ = {isa = PBXBuildFile; fileRef = A3C18BFB2675F6D10065F10A /* Column.swift */; };
		A3C18BFE2676145B0065F10A /* ProductsView.swift in Sources */ = {isa = PBXBuildFile; fileRef = A3C18BFD2676145B0065F10A /* ProductsView.swift */; };
		A3C18C00267616A20065F10A /* ItemCardView.swift in Sources */ = {isa = PBXBuildFile; fileRef = A3C18BFF267616A20065F10A /* ItemCardView.swift */; };
		A3C8D1F8268CBEA4001915EF /* UserRepository.swift in Sources */ = {isa = PBXBuildFile; fileRef = A3C8D1F7268CBEA4001915EF /* UserRepository.swift */; };
		A3DECE8E26791DDF00C2A47E /* NameOfProductView.swift in Sources */ = {isa = PBXBuildFile; fileRef = A3DECE8D26791DDF00C2A47E /* NameOfProductView.swift */; };
		A3E93006267CF9A700B53013 /* AddToStorageView.swift in Sources */ = {isa = PBXBuildFile; fileRef = A3E93005267CF9A700B53013 /* AddToStorageView.swift */; };
		A3EF82B1267A65EE0092D094 /* AddWeightView.swift in Sources */ = {isa = PBXBuildFile; fileRef = A3EF82B0267A65EE0092D094 /* AddWeightView.swift */; };
		A3F04E01268C6C49000DB25E /* FirebaseFirestoreSwift-Beta in Frameworks */ = {isa = PBXBuildFile; productRef = A3F04E00268C6C49000DB25E /* FirebaseFirestoreSwift-Beta */; };
		A3F04E03268C7CD0000DB25E /* LogInWithEmailPassword.swift in Sources */ = {isa = PBXBuildFile; fileRef = A3F04E02268C7CD0000DB25E /* LogInWithEmailPassword.swift */; };
/* End PBXBuildFile section */

/* Begin PBXContainerItemProxy section */
		A39AF4D22671187C00778D05 /* PBXContainerItemProxy */ = {
			isa = PBXContainerItemProxy;
			containerPortal = A39AF4B82671187A00778D05 /* Project object */;
			proxyType = 1;
			remoteGlobalIDString = A39AF4BF2671187A00778D05;
			remoteInfo = HarvestApp;
		};
		A39AF4DD2671187C00778D05 /* PBXContainerItemProxy */ = {
			isa = PBXContainerItemProxy;
			containerPortal = A39AF4B82671187A00778D05 /* Project object */;
			proxyType = 1;
			remoteGlobalIDString = A39AF4BF2671187A00778D05;
			remoteInfo = HarvestApp;
		};
/* End PBXContainerItemProxy section */

/* Begin PBXFileReference section */
		A3056DE626831CC7001AF64A /* PostingView.swift */ = {isa = PBXFileReference; lastKnownFileType = sourcecode.swift; path = PostingView.swift; sourceTree = "<group>"; };
		A3056DEA26831D55001AF64A /* SoldView.swift */ = {isa = PBXFileReference; lastKnownFileType = sourcecode.swift; path = SoldView.swift; sourceTree = "<group>"; };
		A3056DEC26832B0D001AF64A /* TabBarStock.swift */ = {isa = PBXFileReference; lastKnownFileType = sourcecode.swift; path = TabBarStock.swift; sourceTree = "<group>"; };
		A308FAD3268382A400062FB7 /* CardInStock.swift */ = {isa = PBXFileReference; lastKnownFileType = sourcecode.swift; path = CardInStock.swift; sourceTree = "<group>"; };
		A30D02F52688630700C4DFFB /* ImagePicker.swift */ = {isa = PBXFileReference; lastKnownFileType = sourcecode.swift; path = ImagePicker.swift; sourceTree = "<group>"; };
		A32770222682447100A926C7 /* StockView.swift */ = {isa = PBXFileReference; lastKnownFileType = sourcecode.swift; path = StockView.swift; sourceTree = "<group>"; };
		A32A3E71267FA1DB005CDFC9 /* InStockView.swift */ = {isa = PBXFileReference; lastKnownFileType = sourcecode.swift; path = InStockView.swift; sourceTree = "<group>"; };
		A32A3E73267FA928005CDFC9 /* DetailInStockView.swift */ = {isa = PBXFileReference; lastKnownFileType = sourcecode.swift; path = DetailInStockView.swift; sourceTree = "<group>"; };
		A3465ABD267335E900FE3077 /* SignInView.swift */ = {isa = PBXFileReference; lastKnownFileType = sourcecode.swift; path = SignInView.swift; sourceTree = "<group>"; };
		A3465ABF26734BD200FE3077 /* SignUpView.swift */ = {isa = PBXFileReference; lastKnownFileType = sourcecode.swift; path = SignUpView.swift; sourceTree = "<group>"; };
		A3465AC226734C3200FE3077 /* InputField.swift */ = {isa = PBXFileReference; lastKnownFileType = sourcecode.swift; path = InputField.swift; sourceTree = "<group>"; };
		A3465AC426734C6F00FE3077 /* InputSecureField.swift */ = {isa = PBXFileReference; lastKnownFileType = sourcecode.swift; path = InputSecureField.swift; sourceTree = "<group>"; };
		A3465AC626734CEE00FE3077 /* RoundedBotton.swift */ = {isa = PBXFileReference; lastKnownFileType = sourcecode.swift; path = RoundedBotton.swift; sourceTree = "<group>"; };
		A3465ACA267355E400FE3077 /* ForgotPasswordView.swift */ = {isa = PBXFileReference; lastKnownFileType = sourcecode.swift; path = ForgotPasswordView.swift; sourceTree = "<group>"; };
		A34959A526799ECF0070E795 /* ListWeightView.swift */ = {isa = PBXFileReference; lastKnownFileType = sourcecode.swift; path = ListWeightView.swift; sourceTree = "<group>"; };
		A34959A72679D9340070E795 /* UpdateWeightView.swift */ = {isa = PBXFileReference; lastKnownFileType = sourcecode.swift; path = UpdateWeightView.swift; sourceTree = "<group>"; };
		A358AFD426788C37005F569E /* ChoseProductView.swift */ = {isa = PBXFileReference; lastKnownFileType = sourcecode.swift; path = ChoseProductView.swift; sourceTree = "<group>"; };
		A36149C626711BA4001BE31D /* HomeView.swift */ = {isa = PBXFileReference; lastKnownFileType = sourcecode.swift; path = HomeView.swift; sourceTree = "<group>"; };
		A36149C926711D1E001BE31D /* OnboardingView.swift */ = {isa = PBXFileReference; lastKnownFileType = sourcecode.swift; path = OnboardingView.swift; sourceTree = "<group>"; };
		A365359C2689C65300DDE3C8 /* UserView.swift */ = {isa = PBXFileReference; lastKnownFileType = sourcecode.swift; path = UserView.swift; sourceTree = "<group>"; };
		A3699B87267500C8006DEE22 /* CardView.swift */ = {isa = PBXFileReference; lastKnownFileType = sourcecode.swift; path = CardView.swift; sourceTree = "<group>"; };
		A36AE76A268B6E0000EA5431 /* UserViewModel.swift */ = {isa = PBXFileReference; lastKnownFileType = sourcecode.swift; path = UserViewModel.swift; sourceTree = "<group>"; };
		A37868B8268789520082184A /* GoogleService-Info.plist */ = {isa = PBXFileReference; fileEncoding = 4; lastKnownFileType = text.plist.xml; path = "GoogleService-Info.plist"; sourceTree = "<group>"; };
		A38070872673B3BA00CD24A6 /* CustomTabBarView.swift */ = {isa = PBXFileReference; lastKnownFileType = sourcecode.swift; path = CustomTabBarView.swift; sourceTree = "<group>"; };
		A389BF4F2684C8D000ACA2C5 /* ListNotificationView.swift */ = {isa = PBXFileReference; lastKnownFileType = sourcecode.swift; path = ListNotificationView.swift; sourceTree = "<group>"; };
		A389BF512684CC2800ACA2C5 /* NotificationView.swift */ = {isa = PBXFileReference; lastKnownFileType = sourcecode.swift; path = NotificationView.swift; sourceTree = "<group>"; };
		A389BF532684D4FD00ACA2C5 /* DetailNotificationView.swift */ = {isa = PBXFileReference; lastKnownFileType = sourcecode.swift; path = DetailNotificationView.swift; sourceTree = "<group>"; };
		A389BF552684EDB600ACA2C5 /* PostView.swift */ = {isa = PBXFileReference; lastKnownFileType = sourcecode.swift; path = PostView.swift; sourceTree = "<group>"; };
		A397D9ED2680EDF20008BA6B /* ScrollTableTabBar.swift */ = {isa = PBXFileReference; lastKnownFileType = sourcecode.swift; path = ScrollTableTabBar.swift; sourceTree = "<group>"; };
		A39AF4C02671187A00778D05 /* HarvestApp.app */ = {isa = PBXFileReference; explicitFileType = wrapper.application; includeInIndex = 0; path = HarvestApp.app; sourceTree = BUILT_PRODUCTS_DIR; };
		A39AF4C32671187A00778D05 /* HarvestAppApp.swift */ = {isa = PBXFileReference; lastKnownFileType = sourcecode.swift; path = HarvestAppApp.swift; sourceTree = "<group>"; };
		A39AF4C52671187A00778D05 /* ContentView.swift */ = {isa = PBXFileReference; lastKnownFileType = sourcecode.swift; path = ContentView.swift; sourceTree = "<group>"; };
		A39AF4C72671187B00778D05 /* Assets.xcassets */ = {isa = PBXFileReference; lastKnownFileType = folder.assetcatalog; path = Assets.xcassets; sourceTree = "<group>"; };
		A39AF4CA2671187B00778D05 /* Preview Assets.xcassets */ = {isa = PBXFileReference; lastKnownFileType = folder.assetcatalog; path = "Preview Assets.xcassets"; sourceTree = "<group>"; };
		A39AF4CC2671187B00778D05 /* Info.plist */ = {isa = PBXFileReference; lastKnownFileType = text.plist.xml; path = Info.plist; sourceTree = "<group>"; };
		A39AF4D12671187C00778D05 /* HarvestAppTests.xctest */ = {isa = PBXFileReference; explicitFileType = wrapper.cfbundle; includeInIndex = 0; path = HarvestAppTests.xctest; sourceTree = BUILT_PRODUCTS_DIR; };
		A39AF4D52671187C00778D05 /* HarvestAppTests.swift */ = {isa = PBXFileReference; lastKnownFileType = sourcecode.swift; path = HarvestAppTests.swift; sourceTree = "<group>"; };
		A39AF4D72671187C00778D05 /* Info.plist */ = {isa = PBXFileReference; lastKnownFileType = text.plist.xml; path = Info.plist; sourceTree = "<group>"; };
		A39AF4DC2671187C00778D05 /* HarvestAppUITests.xctest */ = {isa = PBXFileReference; explicitFileType = wrapper.cfbundle; includeInIndex = 0; path = HarvestAppUITests.xctest; sourceTree = BUILT_PRODUCTS_DIR; };
		A39AF4E02671187C00778D05 /* HarvestAppUITests.swift */ = {isa = PBXFileReference; lastKnownFileType = sourcecode.swift; path = HarvestAppUITests.swift; sourceTree = "<group>"; };
		A39AF4E22671187C00778D05 /* Info.plist */ = {isa = PBXFileReference; lastKnownFileType = text.plist.xml; path = Info.plist; sourceTree = "<group>"; };
		A3B562A1268461610030F0DF /* MarketView.swift */ = {isa = PBXFileReference; lastKnownFileType = sourcecode.swift; path = MarketView.swift; sourceTree = "<group>"; };
		A3B562A4268463340030F0DF /* PostCard.swift */ = {isa = PBXFileReference; lastKnownFileType = sourcecode.swift; path = PostCard.swift; sourceTree = "<group>"; };
		A3B562A62684775D0030F0DF /* DetailPostVIew.swift */ = {isa = PBXFileReference; lastKnownFileType = sourcecode.swift; path = DetailPostVIew.swift; sourceTree = "<group>"; };
		A3B6EA992688E1C300FCBF88 /* UserModel.swift */ = {isa = PBXFileReference; lastKnownFileType = sourcecode.swift; path = UserModel.swift; sourceTree = "<group>"; };
		A3C18BF42675E44E0065F10A /* ProductDetailView.swift */ = {isa = PBXFileReference; lastKnownFileType = sourcecode.swift; path = ProductDetailView.swift; sourceTree = "<group>"; };
		A3C18BF82675EDD90065F10A /* RoundedTop.swift */ = {isa = PBXFileReference; lastKnownFileType = sourcecode.swift; path = RoundedTop.swift; sourceTree = "<group>"; };
		A3C18BFB2675F6D10065F10A /* Column.swift */ = {isa = PBXFileReference; lastKnownFileType = sourcecode.swift; path = Column.swift; sourceTree = "<group>"; };
		A3C18BFD2676145B0065F10A /* ProductsView.swift */ = {isa = PBXFileReference; lastKnownFileType = sourcecode.swift; path = ProductsView.swift; sourceTree = "<group>"; };
		A3C18BFF267616A20065F10A /* ItemCardView.swift */ = {isa = PBXFileReference; lastKnownFileType = sourcecode.swift; path = ItemCardView.swift; sourceTree = "<group>"; };
		A3C8D1F7268CBEA4001915EF /* UserRepository.swift */ = {isa = PBXFileReference; lastKnownFileType = sourcecode.swift; path = UserRepository.swift; sourceTree = "<group>"; };
		A3DECE8D26791DDF00C2A47E /* NameOfProductView.swift */ = {isa = PBXFileReference; lastKnownFileType = sourcecode.swift; path = NameOfProductView.swift; sourceTree = "<group>"; };
		A3E93005267CF9A700B53013 /* AddToStorageView.swift */ = {isa = PBXFileReference; lastKnownFileType = sourcecode.swift; path = AddToStorageView.swift; sourceTree = "<group>"; };
		A3EF82B0267A65EE0092D094 /* AddWeightView.swift */ = {isa = PBXFileReference; lastKnownFileType = sourcecode.swift; path = AddWeightView.swift; sourceTree = "<group>"; };
		A3F04E02268C7CD0000DB25E /* LogInWithEmailPassword.swift */ = {isa = PBXFileReference; lastKnownFileType = sourcecode.swift; path = LogInWithEmailPassword.swift; sourceTree = "<group>"; };
/* End PBXFileReference section */

/* Begin PBXFrameworksBuildPhase section */
		A39AF4BD2671187A00778D05 /* Frameworks */ = {
			isa = PBXFrameworksBuildPhase;
			buildActionMask = 2147483647;
			files = (
				A3A2CCD1268E30D30082C0B0 /* SDWebImageSwiftUI in Frameworks */,
				A360087F2688C43300FEB62B /* FirebaseAuth in Frameworks */,
				A36008812688C43300FEB62B /* FirebaseFirestore in Frameworks */,
				A3F04E01268C6C49000DB25E /* FirebaseFirestoreSwift-Beta in Frameworks */,
				A36008832688C43300FEB62B /* FirebaseStorage in Frameworks */,
			);
			runOnlyForDeploymentPostprocessing = 0;
		};
		A39AF4CE2671187C00778D05 /* Frameworks */ = {
			isa = PBXFrameworksBuildPhase;
			buildActionMask = 2147483647;
			files = (
			);
			runOnlyForDeploymentPostprocessing = 0;
		};
		A39AF4D92671187C00778D05 /* Frameworks */ = {
			isa = PBXFrameworksBuildPhase;
			buildActionMask = 2147483647;
			files = (
			);
			runOnlyForDeploymentPostprocessing = 0;
		};
/* End PBXFrameworksBuildPhase section */

/* Begin PBXGroup section */
		A322A67F2672031900449D73 /* HomeScreen */ = {
			isa = PBXGroup;
			children = (
				A3699B86267500A8006DEE22 /* Components */,
				A36149C626711BA4001BE31D /* HomeView.swift */,
			);
			path = HomeScreen;
			sourceTree = "<group>";
		};
		A322A6802672037500449D73 /* LoginScreen */ = {
			isa = PBXGroup;
			children = (
				A3465AC126734C0200FE3077 /* Components */,
				A3465ABD267335E900FE3077 /* SignInView.swift */,
				A3465ABF26734BD200FE3077 /* SignUpView.swift */,
				A3465ACA267355E400FE3077 /* ForgotPasswordView.swift */,
			);
			path = LoginScreen;
			sourceTree = "<group>";
		};
		A32A3E70267F9E49005CDFC9 /* StorageScreen */ = {
			isa = PBXGroup;
			children = (
				A397D9EC2680EDC60008BA6B /* Component */,
				A32A3E71267FA1DB005CDFC9 /* InStockView.swift */,
				A32A3E73267FA928005CDFC9 /* DetailInStockView.swift */,
				A32770222682447100A926C7 /* StockView.swift */,
				A3056DE626831CC7001AF64A /* PostingView.swift */,
				A3056DEA26831D55001AF64A /* SoldView.swift */,
				A389BF552684EDB600ACA2C5 /* PostView.swift */,
			);
			path = StorageScreen;
			sourceTree = "<group>";
		};
		A3465AC126734C0200FE3077 /* Components */ = {
			isa = PBXGroup;
			children = (
				A3465AC226734C3200FE3077 /* InputField.swift */,
				A3465AC426734C6F00FE3077 /* InputSecureField.swift */,
			);
			path = Components;
			sourceTree = "<group>";
		};
		A34B2AEE268AFD7E005CECEE /* Service */ = {
			isa = PBXGroup;
			children = (
				A3F04E04268C7CEB000DB25E /* FIrebase */,
			);
			path = Service;
			sourceTree = "<group>";
		};
		A358AFD3267889EA005F569E /* AddProduct */ = {
			isa = PBXGroup;
			children = (
				A358AFD426788C37005F569E /* ChoseProductView.swift */,
				A3DECE8D26791DDF00C2A47E /* NameOfProductView.swift */,
				A34959A526799ECF0070E795 /* ListWeightView.swift */,
				A34959A72679D9340070E795 /* UpdateWeightView.swift */,
				A3EF82B0267A65EE0092D094 /* AddWeightView.swift */,
				A3E93005267CF9A700B53013 /* AddToStorageView.swift */,
			);
			path = AddProduct;
			sourceTree = "<group>";
		};
		A36149C526711B76001BE31D /* Views */ = {
			isa = PBXGroup;
			children = (
				A365359B2689C63300DDE3C8 /* UserInfo */,
				A389BF4E2684C79C00ACA2C5 /* Notification */,
				A3B562A0268461210030F0DF /* MarketView */,
				A32A3E70267F9E49005CDFC9 /* StorageScreen */,
				A358AFD3267889EA005F569E /* AddProduct */,
				A3C18BF32675E40D0065F10A /* MarketNewsScreen */,
				A38070862673B32900CD24A6 /* Tabbar */,
				A322A6802672037500449D73 /* LoginScreen */,
				A322A67F2672031900449D73 /* HomeScreen */,
				A36149C826711CD2001BE31D /* OnboardingScreen */,
			);
			path = Views;
			sourceTree = "<group>";
		};
		A36149C826711CD2001BE31D /* OnboardingScreen */ = {
			isa = PBXGroup;
			children = (
				A36149C926711D1E001BE31D /* OnboardingView.swift */,
			);
			path = OnboardingScreen;
			sourceTree = "<group>";
		};
		A365359B2689C63300DDE3C8 /* UserInfo */ = {
			isa = PBXGroup;
			children = (
				A365359C2689C65300DDE3C8 /* UserView.swift */,
			);
			path = UserInfo;
			sourceTree = "<group>";
		};
		A365359F2689C95900DDE3C8 /* VIewModel */ = {
			isa = PBXGroup;
			children = (
				A36AE76A268B6E0000EA5431 /* UserViewModel.swift */,
			);
			path = VIewModel;
			sourceTree = "<group>";
		};
		A3699B86267500A8006DEE22 /* Components */ = {
			isa = PBXGroup;
			children = (
				A3699B87267500C8006DEE22 /* CardView.swift */,
			);
			path = Components;
			sourceTree = "<group>";
		};
		A38070862673B32900CD24A6 /* Tabbar */ = {
			isa = PBXGroup;
			children = (
				A38070872673B3BA00CD24A6 /* CustomTabBarView.swift */,
			);
			path = Tabbar;
			sourceTree = "<group>";
		};
		A389BF4E2684C79C00ACA2C5 /* Notification */ = {
			isa = PBXGroup;
			children = (
				A389BF4F2684C8D000ACA2C5 /* ListNotificationView.swift */,
				A389BF512684CC2800ACA2C5 /* NotificationView.swift */,
				A389BF532684D4FD00ACA2C5 /* DetailNotificationView.swift */,
			);
			path = Notification;
			sourceTree = "<group>";
		};
		A397D9EC2680EDC60008BA6B /* Component */ = {
			isa = PBXGroup;
			children = (
				A397D9ED2680EDF20008BA6B /* ScrollTableTabBar.swift */,
				A3056DEC26832B0D001AF64A /* TabBarStock.swift */,
				A308FAD3268382A400062FB7 /* CardInStock.swift */,
			);
			path = Component;
			sourceTree = "<group>";
		};
		A39AF4B72671187A00778D05 = {
			isa = PBXGroup;
			children = (
				A39AF4C22671187A00778D05 /* HarvestApp */,
				A39AF4D42671187C00778D05 /* HarvestAppTests */,
				A39AF4DF2671187C00778D05 /* HarvestAppUITests */,
				A39AF4C12671187A00778D05 /* Products */,
				A3F04DFD268C6C49000DB25E /* Frameworks */,
			);
			sourceTree = "<group>";
		};
		A39AF4C12671187A00778D05 /* Products */ = {
			isa = PBXGroup;
			children = (
				A39AF4C02671187A00778D05 /* HarvestApp.app */,
				A39AF4D12671187C00778D05 /* HarvestAppTests.xctest */,
				A39AF4DC2671187C00778D05 /* HarvestAppUITests.xctest */,
			);
			name = Products;
			sourceTree = "<group>";
		};
		A39AF4C22671187A00778D05 /* HarvestApp */ = {
			isa = PBXGroup;
			children = (
				A34B2AEE268AFD7E005CECEE /* Service */,
				A3C18BF72675EDAC0065F10A /* Helper */,
				A365359F2689C95900DDE3C8 /* VIewModel */,
				A3B6EA962688E19900FCBF88 /* Model */,
				A36149C526711B76001BE31D /* Views */,
				A39AF4C32671187A00778D05 /* HarvestAppApp.swift */,
				A39AF4C52671187A00778D05 /* ContentView.swift */,
				A39AF4C72671187B00778D05 /* Assets.xcassets */,
				A37868B8268789520082184A /* GoogleService-Info.plist */,
				A39AF4CC2671187B00778D05 /* Info.plist */,
				A39AF4C92671187B00778D05 /* Preview Content */,
			);
			path = HarvestApp;
			sourceTree = "<group>";
		};
		A39AF4C92671187B00778D05 /* Preview Content */ = {
			isa = PBXGroup;
			children = (
				A39AF4CA2671187B00778D05 /* Preview Assets.xcassets */,
			);
			path = "Preview Content";
			sourceTree = "<group>";
		};
		A39AF4D42671187C00778D05 /* HarvestAppTests */ = {
			isa = PBXGroup;
			children = (
				A39AF4D52671187C00778D05 /* HarvestAppTests.swift */,
				A39AF4D72671187C00778D05 /* Info.plist */,
			);
			path = HarvestAppTests;
			sourceTree = "<group>";
		};
		A39AF4DF2671187C00778D05 /* HarvestAppUITests */ = {
			isa = PBXGroup;
			children = (
				A39AF4E02671187C00778D05 /* HarvestAppUITests.swift */,
				A39AF4E22671187C00778D05 /* Info.plist */,
			);
			path = HarvestAppUITests;
			sourceTree = "<group>";
		};
		A3B562A0268461210030F0DF /* MarketView */ = {
			isa = PBXGroup;
			children = (
				A3B562A3268462CC0030F0DF /* Components */,
				A3B562A1268461610030F0DF /* MarketView.swift */,
				A3B562A62684775D0030F0DF /* DetailPostVIew.swift */,
			);
			path = MarketView;
			sourceTree = "<group>";
		};
		A3B562A3268462CC0030F0DF /* Components */ = {
			isa = PBXGroup;
			children = (
				A3B562A4268463340030F0DF /* PostCard.swift */,
			);
			path = Components;
			sourceTree = "<group>";
		};
		A3B6EA962688E19900FCBF88 /* Model */ = {
			isa = PBXGroup;
			children = (
				A3B6EA992688E1C300FCBF88 /* UserModel.swift */,
			);
			path = Model;
			sourceTree = "<group>";
		};
		A3C18BF32675E40D0065F10A /* MarketNewsScreen */ = {
			isa = PBXGroup;
			children = (
				A3C18BFA2675F6AC0065F10A /* Components */,
				A3C18BF42675E44E0065F10A /* ProductDetailView.swift */,
				A3C18BFD2676145B0065F10A /* ProductsView.swift */,
			);
			path = MarketNewsScreen;
			sourceTree = "<group>";
		};
		A3C18BF72675EDAC0065F10A /* Helper */ = {
			isa = PBXGroup;
			children = (
				A3465AC626734CEE00FE3077 /* RoundedBotton.swift */,
				A3C18BF82675EDD90065F10A /* RoundedTop.swift */,
				A30D02F52688630700C4DFFB /* ImagePicker.swift */,
			);
			path = Helper;
			sourceTree = "<group>";
		};
		A3C18BFA2675F6AC0065F10A /* Components */ = {
			isa = PBXGroup;
			children = (
				A3C18BFB2675F6D10065F10A /* Column.swift */,
				A3C18BFF267616A20065F10A /* ItemCardView.swift */,
			);
			path = Components;
			sourceTree = "<group>";
		};
		A3F04DFD268C6C49000DB25E /* Frameworks */ = {
			isa = PBXGroup;
			children = (
			);
			name = Frameworks;
			sourceTree = "<group>";
		};
		A3F04E04268C7CEB000DB25E /* FIrebase */ = {
			isa = PBXGroup;
			children = (
				A3F04E02268C7CD0000DB25E /* LogInWithEmailPassword.swift */,
				A3C8D1F7268CBEA4001915EF /* UserRepository.swift */,
			);
			path = FIrebase;
			sourceTree = "<group>";
		};
/* End PBXGroup section */

/* Begin PBXNativeTarget section */
		A39AF4BF2671187A00778D05 /* HarvestApp */ = {
			isa = PBXNativeTarget;
			buildConfigurationList = A39AF4E52671187C00778D05 /* Build configuration list for PBXNativeTarget "HarvestApp" */;
			buildPhases = (
				A39AF4BC2671187A00778D05 /* Sources */,
				A39AF4BD2671187A00778D05 /* Frameworks */,
				A39AF4BE2671187A00778D05 /* Resources */,
			);
			buildRules = (
			);
			dependencies = (
			);
			name = HarvestApp;
			packageProductDependencies = (
				A360087E2688C43300FEB62B /* FirebaseAuth */,
				A36008802688C43300FEB62B /* FirebaseFirestore */,
				A36008822688C43300FEB62B /* FirebaseStorage */,
				A3F04E00268C6C49000DB25E /* FirebaseFirestoreSwift-Beta */,
				A3A2CCD0268E30D30082C0B0 /* SDWebImageSwiftUI */,
			);
			productName = HarvestApp;
			productReference = A39AF4C02671187A00778D05 /* HarvestApp.app */;
			productType = "com.apple.product-type.application";
		};
		A39AF4D02671187C00778D05 /* HarvestAppTests */ = {
			isa = PBXNativeTarget;
			buildConfigurationList = A39AF4E82671187C00778D05 /* Build configuration list for PBXNativeTarget "HarvestAppTests" */;
			buildPhases = (
				A39AF4CD2671187C00778D05 /* Sources */,
				A39AF4CE2671187C00778D05 /* Frameworks */,
				A39AF4CF2671187C00778D05 /* Resources */,
			);
			buildRules = (
			);
			dependencies = (
				A39AF4D32671187C00778D05 /* PBXTargetDependency */,
			);
			name = HarvestAppTests;
			productName = HarvestAppTests;
			productReference = A39AF4D12671187C00778D05 /* HarvestAppTests.xctest */;
			productType = "com.apple.product-type.bundle.unit-test";
		};
		A39AF4DB2671187C00778D05 /* HarvestAppUITests */ = {
			isa = PBXNativeTarget;
			buildConfigurationList = A39AF4EB2671187C00778D05 /* Build configuration list for PBXNativeTarget "HarvestAppUITests" */;
			buildPhases = (
				A39AF4D82671187C00778D05 /* Sources */,
				A39AF4D92671187C00778D05 /* Frameworks */,
				A39AF4DA2671187C00778D05 /* Resources */,
			);
			buildRules = (
			);
			dependencies = (
				A39AF4DE2671187C00778D05 /* PBXTargetDependency */,
			);
			name = HarvestAppUITests;
			productName = HarvestAppUITests;
			productReference = A39AF4DC2671187C00778D05 /* HarvestAppUITests.xctest */;
			productType = "com.apple.product-type.bundle.ui-testing";
		};
/* End PBXNativeTarget section */

/* Begin PBXProject section */
		A39AF4B82671187A00778D05 /* Project object */ = {
			isa = PBXProject;
			attributes = {
				LastSwiftUpdateCheck = 1250;
				LastUpgradeCheck = 1250;
				TargetAttributes = {
					A39AF4BF2671187A00778D05 = {
						CreatedOnToolsVersion = 12.5;
					};
					A39AF4D02671187C00778D05 = {
						CreatedOnToolsVersion = 12.5;
						TestTargetID = A39AF4BF2671187A00778D05;
					};
					A39AF4DB2671187C00778D05 = {
						CreatedOnToolsVersion = 12.5;
						TestTargetID = A39AF4BF2671187A00778D05;
					};
				};
			};
			buildConfigurationList = A39AF4BB2671187A00778D05 /* Build configuration list for PBXProject "HarvestApp" */;
			compatibilityVersion = "Xcode 9.3";
			developmentRegion = en;
			hasScannedForEncodings = 0;
			knownRegions = (
				en,
				Base,
			);
			mainGroup = A39AF4B72671187A00778D05;
			packageReferences = (
				A360087D2688C43300FEB62B /* XCRemoteSwiftPackageReference "firebase-ios-sdk" */,
				A3B6EA932688DFCA00FCBF88 /* XCRemoteSwiftPackageReference "SDWebImageSwiftUI" */,
			);
			productRefGroup = A39AF4C12671187A00778D05 /* Products */;
			projectDirPath = "";
			projectRoot = "";
			targets = (
				A39AF4BF2671187A00778D05 /* HarvestApp */,
				A39AF4D02671187C00778D05 /* HarvestAppTests */,
				A39AF4DB2671187C00778D05 /* HarvestAppUITests */,
			);
		};
/* End PBXProject section */

/* Begin PBXResourcesBuildPhase section */
		A39AF4BE2671187A00778D05 /* Resources */ = {
			isa = PBXResourcesBuildPhase;
			buildActionMask = 2147483647;
			files = (
				A39AF4CB2671187B00778D05 /* Preview Assets.xcassets in Resources */,
				A39AF4C82671187B00778D05 /* Assets.xcassets in Resources */,
				A37868B9268789520082184A /* GoogleService-Info.plist in Resources */,
			);
			runOnlyForDeploymentPostprocessing = 0;
		};
		A39AF4CF2671187C00778D05 /* Resources */ = {
			isa = PBXResourcesBuildPhase;
			buildActionMask = 2147483647;
			files = (
			);
			runOnlyForDeploymentPostprocessing = 0;
		};
		A39AF4DA2671187C00778D05 /* Resources */ = {
			isa = PBXResourcesBuildPhase;
			buildActionMask = 2147483647;
			files = (
			);
			runOnlyForDeploymentPostprocessing = 0;
		};
/* End PBXResourcesBuildPhase section */

/* Begin PBXSourcesBuildPhase section */
		A39AF4BC2671187A00778D05 /* Sources */ = {
			isa = PBXSourcesBuildPhase;
			buildActionMask = 2147483647;
			files = (
				A30D02F62688630700C4DFFB /* ImagePicker.swift in Sources */,
				A3465ABE267335E900FE3077 /* SignInView.swift in Sources */,
				A34959A82679D9340070E795 /* UpdateWeightView.swift in Sources */,
				A36149C726711BA4001BE31D /* HomeView.swift in Sources */,
				A3056DEB26831D55001AF64A /* SoldView.swift in Sources */,
				A36AE76B268B6E0000EA5431 /* UserViewModel.swift in Sources */,
				A3B562A5268463340030F0DF /* PostCard.swift in Sources */,
				A3E93006267CF9A700B53013 /* AddToStorageView.swift in Sources */,
				A308FAD4268382A400062FB7 /* CardInStock.swift in Sources */,
				A3F04E03268C7CD0000DB25E /* LogInWithEmailPassword.swift in Sources */,
				A36149CA26711D1E001BE31D /* OnboardingView.swift in Sources */,
				A397D9EE2680EDF20008BA6B /* ScrollTableTabBar.swift in Sources */,
				A389BF542684D4FD00ACA2C5 /* DetailNotificationView.swift in Sources */,
				A3465AC326734C3200FE3077 /* InputField.swift in Sources */,
				A3465AC526734C6F00FE3077 /* InputSecureField.swift in Sources */,
				A365359D2689C65300DDE3C8 /* UserView.swift in Sources */,
				A3B562A2268461610030F0DF /* MarketView.swift in Sources */,
				A358AFD526788C37005F569E /* ChoseProductView.swift in Sources */,
				A32770232682447100A926C7 /* StockView.swift in Sources */,
				A39AF4C62671187A00778D05 /* ContentView.swift in Sources */,
				A3465AC026734BD200FE3077 /* SignUpView.swift in Sources */,
				A32A3E72267FA1DB005CDFC9 /* InStockView.swift in Sources */,
				A3C8D1F8268CBEA4001915EF /* UserRepository.swift in Sources */,
				A32A3E74267FA928005CDFC9 /* DetailInStockView.swift in Sources */,
				A3465AC726734CEE00FE3077 /* RoundedBotton.swift in Sources */,
				A3465ACB267355E400FE3077 /* ForgotPasswordView.swift in Sources */,
				A39AF4C42671187A00778D05 /* HarvestAppApp.swift in Sources */,
				A3B562A72684775D0030F0DF /* DetailPostVIew.swift in Sources */,
				A3EF82B1267A65EE0092D094 /* AddWeightView.swift in Sources */,
				A3C18BF52675E44E0065F10A /* ProductDetailView.swift in Sources */,
				A3C18BFC2675F6D10065F10A /* Column.swift in Sources */,
				A3C18C00267616A20065F10A /* ItemCardView.swift in Sources */,
				A3056DED26832B0D001AF64A /* TabBarStock.swift in Sources */,
				A389BF562684EDB600ACA2C5 /* PostView.swift in Sources */,
				A3C18BFE2676145B0065F10A /* ProductsView.swift in Sources */,
				A3DECE8E26791DDF00C2A47E /* NameOfProductView.swift in Sources */,
				A3056DE726831CC7001AF64A /* PostingView.swift in Sources */,
				A3B6EA9A2688E1C300FCBF88 /* UserModel.swift in Sources */,
				A3C18BF92675EDD90065F10A /* RoundedTop.swift in Sources */,
				A3699B88267500C8006DEE22 /* CardView.swift in Sources */,
				A34959A626799ECF0070E795 /* ListWeightView.swift in Sources */,
				A38070882673B3BA00CD24A6 /* CustomTabBarView.swift in Sources */,
				A389BF502684C8D000ACA2C5 /* ListNotificationView.swift in Sources */,
				A389BF522684CC2800ACA2C5 /* NotificationView.swift in Sources */,
			);
			runOnlyForDeploymentPostprocessing = 0;
		};
		A39AF4CD2671187C00778D05 /* Sources */ = {
			isa = PBXSourcesBuildPhase;
			buildActionMask = 2147483647;
			files = (
				A39AF4D62671187C00778D05 /* HarvestAppTests.swift in Sources */,
			);
			runOnlyForDeploymentPostprocessing = 0;
		};
		A39AF4D82671187C00778D05 /* Sources */ = {
			isa = PBXSourcesBuildPhase;
			buildActionMask = 2147483647;
			files = (
				A39AF4E12671187C00778D05 /* HarvestAppUITests.swift in Sources */,
			);
			runOnlyForDeploymentPostprocessing = 0;
		};
/* End PBXSourcesBuildPhase section */

/* Begin PBXTargetDependency section */
		A39AF4D32671187C00778D05 /* PBXTargetDependency */ = {
			isa = PBXTargetDependency;
			target = A39AF4BF2671187A00778D05 /* HarvestApp */;
			targetProxy = A39AF4D22671187C00778D05 /* PBXContainerItemProxy */;
		};
		A39AF4DE2671187C00778D05 /* PBXTargetDependency */ = {
			isa = PBXTargetDependency;
			target = A39AF4BF2671187A00778D05 /* HarvestApp */;
			targetProxy = A39AF4DD2671187C00778D05 /* PBXContainerItemProxy */;
		};
/* End PBXTargetDependency section */

/* Begin XCBuildConfiguration section */
		A39AF4E32671187C00778D05 /* Debug */ = {
			isa = XCBuildConfiguration;
			buildSettings = {
				ALWAYS_SEARCH_USER_PATHS = NO;
				CLANG_ANALYZER_NONNULL = YES;
				CLANG_ANALYZER_NUMBER_OBJECT_CONVERSION = YES_AGGRESSIVE;
				CLANG_CXX_LANGUAGE_STANDARD = "gnu++14";
				CLANG_CXX_LIBRARY = "libc++";
				CLANG_ENABLE_MODULES = YES;
				CLANG_ENABLE_OBJC_ARC = YES;
				CLANG_ENABLE_OBJC_WEAK = YES;
				CLANG_WARN_BLOCK_CAPTURE_AUTORELEASING = YES;
				CLANG_WARN_BOOL_CONVERSION = YES;
				CLANG_WARN_COMMA = YES;
				CLANG_WARN_CONSTANT_CONVERSION = YES;
				CLANG_WARN_DEPRECATED_OBJC_IMPLEMENTATIONS = YES;
				CLANG_WARN_DIRECT_OBJC_ISA_USAGE = YES_ERROR;
				CLANG_WARN_DOCUMENTATION_COMMENTS = YES;
				CLANG_WARN_EMPTY_BODY = YES;
				CLANG_WARN_ENUM_CONVERSION = YES;
				CLANG_WARN_INFINITE_RECURSION = YES;
				CLANG_WARN_INT_CONVERSION = YES;
				CLANG_WARN_NON_LITERAL_NULL_CONVERSION = YES;
				CLANG_WARN_OBJC_IMPLICIT_RETAIN_SELF = YES;
				CLANG_WARN_OBJC_LITERAL_CONVERSION = YES;
				CLANG_WARN_OBJC_ROOT_CLASS = YES_ERROR;
				CLANG_WARN_QUOTED_INCLUDE_IN_FRAMEWORK_HEADER = YES;
				CLANG_WARN_RANGE_LOOP_ANALYSIS = YES;
				CLANG_WARN_STRICT_PROTOTYPES = YES;
				CLANG_WARN_SUSPICIOUS_MOVE = YES;
				CLANG_WARN_UNGUARDED_AVAILABILITY = YES_AGGRESSIVE;
				CLANG_WARN_UNREACHABLE_CODE = YES;
				CLANG_WARN__DUPLICATE_METHOD_MATCH = YES;
				COPY_PHASE_STRIP = NO;
				DEBUG_INFORMATION_FORMAT = dwarf;
				ENABLE_STRICT_OBJC_MSGSEND = YES;
				ENABLE_TESTABILITY = YES;
				GCC_C_LANGUAGE_STANDARD = gnu11;
				GCC_DYNAMIC_NO_PIC = NO;
				GCC_NO_COMMON_BLOCKS = YES;
				GCC_OPTIMIZATION_LEVEL = 0;
				GCC_PREPROCESSOR_DEFINITIONS = (
					"DEBUG=1",
					"$(inherited)",
				);
				GCC_WARN_64_TO_32_BIT_CONVERSION = YES;
				GCC_WARN_ABOUT_RETURN_TYPE = YES_ERROR;
				GCC_WARN_UNDECLARED_SELECTOR = YES;
				GCC_WARN_UNINITIALIZED_AUTOS = YES_AGGRESSIVE;
				GCC_WARN_UNUSED_FUNCTION = YES;
				GCC_WARN_UNUSED_VARIABLE = YES;
				IPHONEOS_DEPLOYMENT_TARGET = 14.5;
				MTL_ENABLE_DEBUG_INFO = INCLUDE_SOURCE;
				MTL_FAST_MATH = YES;
				ONLY_ACTIVE_ARCH = YES;
				SDKROOT = iphoneos;
				SWIFT_ACTIVE_COMPILATION_CONDITIONS = DEBUG;
				SWIFT_OPTIMIZATION_LEVEL = "-Onone";
			};
			name = Debug;
		};
		A39AF4E42671187C00778D05 /* Release */ = {
			isa = XCBuildConfiguration;
			buildSettings = {
				ALWAYS_SEARCH_USER_PATHS = NO;
				CLANG_ANALYZER_NONNULL = YES;
				CLANG_ANALYZER_NUMBER_OBJECT_CONVERSION = YES_AGGRESSIVE;
				CLANG_CXX_LANGUAGE_STANDARD = "gnu++14";
				CLANG_CXX_LIBRARY = "libc++";
				CLANG_ENABLE_MODULES = YES;
				CLANG_ENABLE_OBJC_ARC = YES;
				CLANG_ENABLE_OBJC_WEAK = YES;
				CLANG_WARN_BLOCK_CAPTURE_AUTORELEASING = YES;
				CLANG_WARN_BOOL_CONVERSION = YES;
				CLANG_WARN_COMMA = YES;
				CLANG_WARN_CONSTANT_CONVERSION = YES;
				CLANG_WARN_DEPRECATED_OBJC_IMPLEMENTATIONS = YES;
				CLANG_WARN_DIRECT_OBJC_ISA_USAGE = YES_ERROR;
				CLANG_WARN_DOCUMENTATION_COMMENTS = YES;
				CLANG_WARN_EMPTY_BODY = YES;
				CLANG_WARN_ENUM_CONVERSION = YES;
				CLANG_WARN_INFINITE_RECURSION = YES;
				CLANG_WARN_INT_CONVERSION = YES;
				CLANG_WARN_NON_LITERAL_NULL_CONVERSION = YES;
				CLANG_WARN_OBJC_IMPLICIT_RETAIN_SELF = YES;
				CLANG_WARN_OBJC_LITERAL_CONVERSION = YES;
				CLANG_WARN_OBJC_ROOT_CLASS = YES_ERROR;
				CLANG_WARN_QUOTED_INCLUDE_IN_FRAMEWORK_HEADER = YES;
				CLANG_WARN_RANGE_LOOP_ANALYSIS = YES;
				CLANG_WARN_STRICT_PROTOTYPES = YES;
				CLANG_WARN_SUSPICIOUS_MOVE = YES;
				CLANG_WARN_UNGUARDED_AVAILABILITY = YES_AGGRESSIVE;
				CLANG_WARN_UNREACHABLE_CODE = YES;
				CLANG_WARN__DUPLICATE_METHOD_MATCH = YES;
				COPY_PHASE_STRIP = NO;
				DEBUG_INFORMATION_FORMAT = "dwarf-with-dsym";
				ENABLE_NS_ASSERTIONS = NO;
				ENABLE_STRICT_OBJC_MSGSEND = YES;
				GCC_C_LANGUAGE_STANDARD = gnu11;
				GCC_NO_COMMON_BLOCKS = YES;
				GCC_WARN_64_TO_32_BIT_CONVERSION = YES;
				GCC_WARN_ABOUT_RETURN_TYPE = YES_ERROR;
				GCC_WARN_UNDECLARED_SELECTOR = YES;
				GCC_WARN_UNINITIALIZED_AUTOS = YES_AGGRESSIVE;
				GCC_WARN_UNUSED_FUNCTION = YES;
				GCC_WARN_UNUSED_VARIABLE = YES;
				IPHONEOS_DEPLOYMENT_TARGET = 14.5;
				MTL_ENABLE_DEBUG_INFO = NO;
				MTL_FAST_MATH = YES;
				SDKROOT = iphoneos;
				SWIFT_COMPILATION_MODE = wholemodule;
				SWIFT_OPTIMIZATION_LEVEL = "-O";
				VALIDATE_PRODUCT = YES;
			};
			name = Release;
		};
		A39AF4E62671187C00778D05 /* Debug */ = {
			isa = XCBuildConfiguration;
			buildSettings = {
				ASSETCATALOG_COMPILER_APPICON_NAME = AppIcon;
				ASSETCATALOG_COMPILER_GLOBAL_ACCENT_COLOR_NAME = AccentColor;
				CODE_SIGN_STYLE = Automatic;
				DEVELOPMENT_ASSET_PATHS = "\"HarvestApp/Preview Content\"";
				DEVELOPMENT_TEAM = YJ58PTMGRM;
				ENABLE_PREVIEWS = YES;
				INFOPLIST_FILE = HarvestApp/Info.plist;
				IPHONEOS_DEPLOYMENT_TARGET = 14.0;
				LD_RUNPATH_SEARCH_PATHS = (
					"$(inherited)",
					"@executable_path/Frameworks",
				);
				PRODUCT_BUNDLE_IDENTIFIER = com.phamduy.HarvestApp;
				PRODUCT_NAME = "$(TARGET_NAME)";
				SWIFT_VERSION = 5.0;
				TARGETED_DEVICE_FAMILY = "1,2";
			};
			name = Debug;
		};
		A39AF4E72671187C00778D05 /* Release */ = {
			isa = XCBuildConfiguration;
			buildSettings = {
				ASSETCATALOG_COMPILER_APPICON_NAME = AppIcon;
				ASSETCATALOG_COMPILER_GLOBAL_ACCENT_COLOR_NAME = AccentColor;
				CODE_SIGN_STYLE = Automatic;
				DEVELOPMENT_ASSET_PATHS = "\"HarvestApp/Preview Content\"";
				DEVELOPMENT_TEAM = YJ58PTMGRM;
				ENABLE_PREVIEWS = YES;
				INFOPLIST_FILE = HarvestApp/Info.plist;
				IPHONEOS_DEPLOYMENT_TARGET = 14.0;
				LD_RUNPATH_SEARCH_PATHS = (
					"$(inherited)",
					"@executable_path/Frameworks",
				);
				PRODUCT_BUNDLE_IDENTIFIER = com.phamduy.HarvestApp;
				PRODUCT_NAME = "$(TARGET_NAME)";
				SWIFT_VERSION = 5.0;
				TARGETED_DEVICE_FAMILY = "1,2";
			};
			name = Release;
		};
		A39AF4E92671187C00778D05 /* Debug */ = {
			isa = XCBuildConfiguration;
			buildSettings = {
				ALWAYS_EMBED_SWIFT_STANDARD_LIBRARIES = YES;
				BUNDLE_LOADER = "$(TEST_HOST)";
				CODE_SIGN_STYLE = Automatic;
				DEVELOPMENT_TEAM = YJ58PTMGRM;
				INFOPLIST_FILE = HarvestAppTests/Info.plist;
				IPHONEOS_DEPLOYMENT_TARGET = 14.0;
				LD_RUNPATH_SEARCH_PATHS = (
					"$(inherited)",
					"@executable_path/Frameworks",
					"@loader_path/Frameworks",
				);
				PRODUCT_BUNDLE_IDENTIFIER = com.phamduy.HarvestAppTests;
				PRODUCT_NAME = "$(TARGET_NAME)";
				SWIFT_VERSION = 5.0;
				TARGETED_DEVICE_FAMILY = "1,2";
				TEST_HOST = "$(BUILT_PRODUCTS_DIR)/HarvestApp.app/HarvestApp";
			};
			name = Debug;
		};
		A39AF4EA2671187C00778D05 /* Release */ = {
			isa = XCBuildConfiguration;
			buildSettings = {
				ALWAYS_EMBED_SWIFT_STANDARD_LIBRARIES = YES;
				BUNDLE_LOADER = "$(TEST_HOST)";
				CODE_SIGN_STYLE = Automatic;
				DEVELOPMENT_TEAM = YJ58PTMGRM;
				INFOPLIST_FILE = HarvestAppTests/Info.plist;
				IPHONEOS_DEPLOYMENT_TARGET = 14.0;
				LD_RUNPATH_SEARCH_PATHS = (
					"$(inherited)",
					"@executable_path/Frameworks",
					"@loader_path/Frameworks",
				);
				PRODUCT_BUNDLE_IDENTIFIER = com.phamduy.HarvestAppTests;
				PRODUCT_NAME = "$(TARGET_NAME)";
				SWIFT_VERSION = 5.0;
				TARGETED_DEVICE_FAMILY = "1,2";
				TEST_HOST = "$(BUILT_PRODUCTS_DIR)/HarvestApp.app/HarvestApp";
			};
			name = Release;
		};
		A39AF4EC2671187C00778D05 /* Debug */ = {
			isa = XCBuildConfiguration;
			buildSettings = {
				ALWAYS_EMBED_SWIFT_STANDARD_LIBRARIES = YES;
				CODE_SIGN_STYLE = Automatic;
				DEVELOPMENT_TEAM = YJ58PTMGRM;
				INFOPLIST_FILE = HarvestAppUITests/Info.plist;
				LD_RUNPATH_SEARCH_PATHS = (
					"$(inherited)",
					"@executable_path/Frameworks",
					"@loader_path/Frameworks",
				);
				PRODUCT_BUNDLE_IDENTIFIER = com.phamduy.HarvestAppUITests;
				PRODUCT_NAME = "$(TARGET_NAME)";
				SWIFT_VERSION = 5.0;
				TARGETED_DEVICE_FAMILY = "1,2";
				TEST_TARGET_NAME = HarvestApp;
			};
			name = Debug;
		};
		A39AF4ED2671187C00778D05 /* Release */ = {
			isa = XCBuildConfiguration;
			buildSettings = {
				ALWAYS_EMBED_SWIFT_STANDARD_LIBRARIES = YES;
				CODE_SIGN_STYLE = Automatic;
				DEVELOPMENT_TEAM = YJ58PTMGRM;
				INFOPLIST_FILE = HarvestAppUITests/Info.plist;
				LD_RUNPATH_SEARCH_PATHS = (
					"$(inherited)",
					"@executable_path/Frameworks",
					"@loader_path/Frameworks",
				);
				PRODUCT_BUNDLE_IDENTIFIER = com.phamduy.HarvestAppUITests;
				PRODUCT_NAME = "$(TARGET_NAME)";
				SWIFT_VERSION = 5.0;
				TARGETED_DEVICE_FAMILY = "1,2";
				TEST_TARGET_NAME = HarvestApp;
			};
			name = Release;
		};
/* End XCBuildConfiguration section */

/* Begin XCConfigurationList section */
		A39AF4BB2671187A00778D05 /* Build configuration list for PBXProject "HarvestApp" */ = {
			isa = XCConfigurationList;
			buildConfigurations = (
				A39AF4E32671187C00778D05 /* Debug */,
				A39AF4E42671187C00778D05 /* Release */,
			);
			defaultConfigurationIsVisible = 0;
			defaultConfigurationName = Release;
		};
		A39AF4E52671187C00778D05 /* Build configuration list for PBXNativeTarget "HarvestApp" */ = {
			isa = XCConfigurationList;
			buildConfigurations = (
				A39AF4E62671187C00778D05 /* Debug */,
				A39AF4E72671187C00778D05 /* Release */,
			);
			defaultConfigurationIsVisible = 0;
			defaultConfigurationName = Release;
		};
		A39AF4E82671187C00778D05 /* Build configuration list for PBXNativeTarget "HarvestAppTests" */ = {
			isa = XCConfigurationList;
			buildConfigurations = (
				A39AF4E92671187C00778D05 /* Debug */,
				A39AF4EA2671187C00778D05 /* Release */,
			);
			defaultConfigurationIsVisible = 0;
			defaultConfigurationName = Release;
		};
		A39AF4EB2671187C00778D05 /* Build configuration list for PBXNativeTarget "HarvestAppUITests" */ = {
			isa = XCConfigurationList;
			buildConfigurations = (
				A39AF4EC2671187C00778D05 /* Debug */,
				A39AF4ED2671187C00778D05 /* Release */,
			);
			defaultConfigurationIsVisible = 0;
			defaultConfigurationName = Release;
		};
/* End XCConfigurationList section */

/* Begin XCRemoteSwiftPackageReference section */
		A360087D2688C43300FEB62B /* XCRemoteSwiftPackageReference "firebase-ios-sdk" */ = {
			isa = XCRemoteSwiftPackageReference;
			repositoryURL = "https://github.com/firebase/firebase-ios-sdk.git";
			requirement = {
				kind = upToNextMajorVersion;
				minimumVersion = 8.2.0;
			};
		};
		A3B6EA932688DFCA00FCBF88 /* XCRemoteSwiftPackageReference "SDWebImageSwiftUI" */ = {
			isa = XCRemoteSwiftPackageReference;
			repositoryURL = "https://github.com/SDWebImage/SDWebImageSwiftUI.git";
			requirement = {
				kind = upToNextMajorVersion;
				minimumVersion = 2.0.2;
			};
		};
/* End XCRemoteSwiftPackageReference section */

/* Begin XCSwiftPackageProductDependency section */
		A360087E2688C43300FEB62B /* FirebaseAuth */ = {
			isa = XCSwiftPackageProductDependency;
			package = A360087D2688C43300FEB62B /* XCRemoteSwiftPackageReference "firebase-ios-sdk" */;
			productName = FirebaseAuth;
		};
		A36008802688C43300FEB62B /* FirebaseFirestore */ = {
			isa = XCSwiftPackageProductDependency;
			package = A360087D2688C43300FEB62B /* XCRemoteSwiftPackageReference "firebase-ios-sdk" */;
			productName = FirebaseFirestore;
		};
		A36008822688C43300FEB62B /* FirebaseStorage */ = {
			isa = XCSwiftPackageProductDependency;
			package = A360087D2688C43300FEB62B /* XCRemoteSwiftPackageReference "firebase-ios-sdk" */;
			productName = FirebaseStorage;
		};
		A3A2CCD0268E30D30082C0B0 /* SDWebImageSwiftUI */ = {
			isa = XCSwiftPackageProductDependency;
			package = A3B6EA932688DFCA00FCBF88 /* XCRemoteSwiftPackageReference "SDWebImageSwiftUI" */;
			productName = SDWebImageSwiftUI;
		};
		A3F04E00268C6C49000DB25E /* FirebaseFirestoreSwift-Beta */ = {
			isa = XCSwiftPackageProductDependency;
			package = A360087D2688C43300FEB62B /* XCRemoteSwiftPackageReference "firebase-ios-sdk" */;
			productName = "FirebaseFirestoreSwift-Beta";
		};
/* End XCSwiftPackageProductDependency section */
	};
	rootObject = A39AF4B82671187A00778D05 /* Project object */;
}
